
Microsoft Visual Studio Solution File, Format Version 12.00
# Visual Studio Version 17
VisualStudioVersion = 17.8.34525.116
MinimumVisualStudioVersion = 10.0.40219.1
Project("{9A19103F-16F7-4668-BE54-9A1E7A4F7556}") = "RepositoryPatternWithUnitOfWork.Api", "RepositoryPatternWithUnitOfWork.Api\RepositoryPatternWithUnitOfWork.Api.csproj", "{ED91FF05-F6AE-44F2-BF66-2EA5422CB142}"
EndProject
Project("{9A19103F-16F7-4668-BE54-9A1E7A4F7556}") = "RepositoryPatternWithUnitOfWork.Core", "RepositoryPatternWithUnitOfWork.core\RepositoryPatternWithUnitOfWork.Core.csproj", "{D920AD4F-88AB-43D6-8560-66FF62A145AB}"
EndProject
Project("{FAE04EC0-301F-11D3-BF4B-00C04F79EFBC}") = "RepositoryPatternWithUnitOfWork.EF", "RepositoryPatternWithUnitOfWork.EF\RepositoryPatternWithUnitOfWork.EF.csproj", "{1B227581-D890-43C3-89E0-959120838979}"
EndProject
Global
	GlobalSection(SolutionConfigurationPlatforms) = preSolution
		Debug|Any CPU = Debug|Any CPU
		Release|Any CPU = Release|Any CPU
	EndGlobalSection
	GlobalSection(ProjectConfigurationPlatforms) = postSolution
		{ED91FF05-F6AE-44F2-BF66-2EA5422CB142}.Debug|Any CPU.ActiveCfg = Debug|Any CPU
		{ED91FF05-F6AE-44F2-BF66-2EA5422CB142}.Debug|Any CPU.Build.0 = Debug|Any CPU
		{ED91FF05-F6AE-44F2-BF66-2EA5422CB142}.Release|Any CPU.ActiveCfg = Release|Any CPU
		{ED91FF05-F6AE-44F2-BF66-2EA5422CB142}.Release|Any CPU.Build.0 = Release|Any CPU
		{D920AD4F-88AB-43D6-8560-66FF62A145AB}.Debug|Any CPU.ActiveCfg = Debug|Any CPU
		{D920AD4F-88AB-43D6-8560-66FF62A145AB}.Debug|Any CPU.Build.0 = Debug|Any CPU
		{D920AD4F-88AB-43D6-8560-66FF62A145AB}.Release|Any CPU.ActiveCfg = Release|Any CPU
		{D920AD4F-88AB-43D6-8560-66FF62A145AB}.Release|Any CPU.Build.0 = Release|Any CPU
		{1B227581-D890-43C3-89E0-959120838979}.Debug|Any CPU.ActiveCfg = Debug|Any CPU
		{1B227581-D890-43C3-89E0-959120838979}.Debug|Any CPU.Build.0 = Debug|Any CPU
		{1B227581-D890-43C3-89E0-959120838979}.Release|Any CPU.ActiveCfg = Release|Any CPU
		{1B227581-D890-43C3-89E0-959120838979}.Release|Any CPU.Build.0 = Release|Any CPU
	EndGlobalSection
	GlobalSection(SolutionProperties) = preSolution
		HideSolutionNode = FALSE
	EndGlobalSection
	GlobalSection(ExtensibilityGlobals) = postSolution
		SolutionGuid = {586C4345-BEFE-492A-8370-C1CCAAC74FF6}
	EndGlobalSection
EndGlobal
